
Microsoft Visual Studio Solution File, Format Version 12.00
# Visual Studio Version 17
VisualStudioVersion = 17.8.34525.116
MinimumVisualStudioVersion = 10.0.40219.1
Project("{FAE04EC0-301F-11D3-BF4B-00C04F79EFBC}") = "AS2324.SpadiniLorenzo.3G.Array", "AS2324.SpadiniLorenzo.3G.Array.csproj", "{5172A157-D55E-4B63-ADBE-4A2A56076FED}"
EndProject
Global
	GlobalSection(SolutionConfigurationPlatforms) = preSolution
		Debug|Any CPU = Debug|Any CPU
		Release|Any CPU = Release|Any CPU
	EndGlobalSection
	GlobalSection(ProjectConfigurationPlatforms) = postSolution
		{5172A157-D55E-4B63-ADBE-4A2A56076FED}.Debug|Any CPU.ActiveCfg = Debug|Any CPU
		{5172A157-D55E-4B63-ADBE-4A2A56076FED}.Debug|Any CPU.Build.0 = Debug|Any CPU
		{5172A157-D55E-4B63-ADBE-4A2A56076FED}.Release|Any CPU.ActiveCfg = Release|Any CPU
		{5172A157-D55E-4B63-ADBE-4A2A56076FED}.Release|Any CPU.Build.0 = Release|Any CPU
	EndGlobalSection
	GlobalSection(SolutionProperties) = preSolution
		HideSolutionNode = FALSE
	EndGlobalSection
	GlobalSection(ExtensibilityGlobals) = postSolution
		SolutionGuid = {DBAA0D78-6530-43B9-8808-5CE4B68DD23F}
	EndGlobalSection
EndGlobal
